// !$*UTF8*$!
{
	archiveVersion = 1;
	classes = {
	};
	objectVersion = 50;
	objects = {

/* Begin PBXBuildFile section */
		63259DCE8313FBCF700529E0 /* Pods_lyricsfecher.framework in Frameworks */ = {isa = PBXBuildFile; fileRef = 7F443D59E02D7C8D10293E60 /* Pods_lyricsfecher.framework */; };
		7E6E02172110A8F900277D56 /* AppDelegate.swift in Sources */ = {isa = PBXBuildFile; fileRef = 7E6E02162110A8F900277D56 /* AppDelegate.swift */; };
		7E6E02192110A8F900277D56 /* ViewController.swift in Sources */ = {isa = PBXBuildFile; fileRef = 7E6E02182110A8F900277D56 /* ViewController.swift */; };
		7E6E021C2110A8F900277D56 /* Main.storyboard in Resources */ = {isa = PBXBuildFile; fileRef = 7E6E021A2110A8F900277D56 /* Main.storyboard */; };
		7E6E021E2110A8FB00277D56 /* Assets.xcassets in Resources */ = {isa = PBXBuildFile; fileRef = 7E6E021D2110A8FB00277D56 /* Assets.xcassets */; };
		7E6E02212110A8FB00277D56 /* LaunchScreen.storyboard in Resources */ = {isa = PBXBuildFile; fileRef = 7E6E021F2110A8FB00277D56 /* LaunchScreen.storyboard */; };
/* End PBXBuildFile section */

/* Begin PBXFileReference section */
		7818AF31B4DAE36E62F26192 /* Pods-lyricsfecher.debug.xcconfig */ = {isa = PBXFileReference; includeInIndex = 1; lastKnownFileType = text.xcconfig; name = "Pods-lyricsfecher.debug.xcconfig"; path = "Pods/Target Support Files/Pods-lyricsfecher/Pods-lyricsfecher.debug.xcconfig"; sourceTree = "<group>"; };
		7E6E02132110A8F900277D56 /* lyricsfecher.app */ = {isa = PBXFileReference; explicitFileType = wrapper.application; includeInIndex = 0; path = lyricsfecher.app; sourceTree = BUILT_PRODUCTS_DIR; };
		7E6E02162110A8F900277D56 /* AppDelegate.swift */ = {isa = PBXFileReference; lastKnownFileType = sourcecode.swift; path = AppDelegate.swift; sourceTree = "<group>"; };
		7E6E02182110A8F900277D56 /* ViewController.swift */ = {isa = PBXFileReference; lastKnownFileType = sourcecode.swift; path = ViewController.swift; sourceTree = "<group>"; };
		7E6E021B2110A8F900277D56 /* Base */ = {isa = PBXFileReference; lastKnownFileType = file.storyboard; name = Base; path = Base.lproj/Main.storyboard; sourceTree = "<group>"; };
		7E6E021D2110A8FB00277D56 /* Assets.xcassets */ = {isa = PBXFileReference; lastKnownFileType = folder.assetcatalog; path = Assets.xcassets; sourceTree = "<group>"; };
		7E6E02202110A8FB00277D56 /* Base */ = {isa = PBXFileReference; lastKnownFileType = file.storyboard; name = Base; path = Base.lproj/LaunchScreen.storyboard; sourceTree = "<group>"; };
		7E6E02222110A8FB00277D56 /* Info.plist */ = {isa = PBXFileReference; lastKnownFileType = text.plist.xml; path = Info.plist; sourceTree = "<group>"; };
		7F443D59E02D7C8D10293E60 /* Pods_lyricsfecher.framework */ = {isa = PBXFileReference; explicitFileType = wrapper.framework; includeInIndex = 0; path = Pods_lyricsfecher.framework; sourceTree = BUILT_PRODUCTS_DIR; };
		96DC90A148F3D422A9049BEB /* Pods-lyricsfecher.release.xcconfig */ = {isa = PBXFileReference; includeInIndex = 1; lastKnownFileType = text.xcconfig; name = "Pods-lyricsfecher.release.xcconfig"; path = "Pods/Target Support Files/Pods-lyricsfecher/Pods-lyricsfecher.release.xcconfig"; sourceTree = "<group>"; };
/* End PBXFileReference section */

/* Begin PBXFrameworksBuildPhase section */
		7E6E02102110A8F900277D56 /* Frameworks */ = {
			isa = PBXFrameworksBuildPhase;
			buildActionMask = 2147483647;
			files = (
				63259DCE8313FBCF700529E0 /* Pods_lyricsfecher.framework in Frameworks */,
			);
			runOnlyForDeploymentPostprocessing = 0;
		};
/* End PBXFrameworksBuildPhase section */

/* Begin PBXGroup section */
		7E6E020A2110A8F900277D56 = {
			isa = PBXGroup;
			children = (
				7E6E02152110A8F900277D56 /* lyricsfecher */,
				7E6E02142110A8F900277D56 /* Products */,
				C1338B9BF3B723FC99E3A0F2 /* Pods */,
				E8FFC71F56E11DBFCBEF8216 /* Frameworks */,
			);
			sourceTree = "<group>";
		};
		7E6E02142110A8F900277D56 /* Products */ = {
			isa = PBXGroup;
			children = (
				7E6E02132110A8F900277D56 /* lyricsfecher.app */,
			);
			name = Products;
			sourceTree = "<group>";
		};
		7E6E02152110A8F900277D56 /* lyricsfecher */ = {
			isa = PBXGroup;
			children = (
				7E6E02162110A8F900277D56 /* AppDelegate.swift */,
				7E6E02182110A8F900277D56 /* ViewController.swift */,
				7E6E021A2110A8F900277D56 /* Main.storyboard */,
				7E6E021D2110A8FB00277D56 /* Assets.xcassets */,
				7E6E021F2110A8FB00277D56 /* LaunchScreen.storyboard */,
				7E6E02222110A8FB00277D56 /* Info.plist */,
			);
			path = lyricsfecher;
			sourceTree = "<group>";
		};
		C1338B9BF3B723FC99E3A0F2 /* Pods */ = {
			isa = PBXGroup;
			children = (
				7818AF31B4DAE36E62F26192 /* Pods-lyricsfecher.debug.xcconfig */,
				96DC90A148F3D422A9049BEB /* Pods-lyricsfecher.release.xcconfig */,
			);
			name = Pods;
			sourceTree = "<group>";
		};
		E8FFC71F56E11DBFCBEF8216 /* Frameworks */ = {
			isa = PBXGroup;
			children = (
				7F443D59E02D7C8D10293E60 /* Pods_lyricsfecher.framework */,
			);
			name = Frameworks;
			sourceTree = "<group>";
		};
/* End PBXGroup section */

/* Begin PBXNativeTarget section */
		7E6E02122110A8F900277D56 /* lyricsfecher */ = {
			isa = PBXNativeTarget;
			buildConfigurationList = 7E6E02252110A8FB00277D56 /* Build configuration list for PBXNativeTarget "lyricsfecher" */;
			buildPhases = (
				6501A4ABC391604E7D91DB56 /* [CP] Check Pods Manifest.lock */,
				7E6E020F2110A8F900277D56 /* Sources */,
				7E6E02102110A8F900277D56 /* Frameworks */,
				7E6E02112110A8F900277D56 /* Resources */,
				8FF006D80DBF08ECD6821FFD /* [CP] Embed Pods Frameworks */,
			);
			buildRules = (
			);
			dependencies = (
			);
			name = lyricsfecher;
			productName = lyricsfecher;
			productReference = 7E6E02132110A8F900277D56 /* lyricsfecher.app */;
			productType = "com.apple.product-type.application";
		};
/* End PBXNativeTarget section */

/* Begin PBXProject section */
		7E6E020B2110A8F900277D56 /* Project object */ = {
			isa = PBXProject;
			attributes = {
				LastSwiftUpdateCheck = 0940;
				LastUpgradeCheck = 0940;
				ORGANIZATIONNAME = destinycreates;
				TargetAttributes = {
					7E6E02122110A8F900277D56 = {
						CreatedOnToolsVersion = 9.4.1;
					};
				};
			};
			buildConfigurationList = 7E6E020E2110A8F900277D56 /* Build configuration list for PBXProject "lyricsfecher" */;
			compatibilityVersion = "Xcode 9.3";
			developmentRegion = en;
			hasScannedForEncodings = 0;
			knownRegions = (
				en,
				Base,
			);
			mainGroup = 7E6E020A2110A8F900277D56;
			productRefGroup = 7E6E02142110A8F900277D56 /* Products */;
			projectDirPath = "";
			projectRoot = "";
			targets = (
				7E6E02122110A8F900277D56 /* lyricsfecher */,
			);
		};
/* End PBXProject section */

/* Begin PBXResourcesBuildPhase section */
		7E6E02112110A8F900277D56 /* Resources */ = {
			isa = PBXResourcesBuildPhase;
			buildActionMask = 2147483647;
			files = (
				7E6E02212110A8FB00277D56 /* LaunchScreen.storyboard in Resources */,
				7E6E021E2110A8FB00277D56 /* Assets.xcassets in Resources */,
				7E6E021C2110A8F900277D56 /* Main.storyboard in Resources */,
			);
			runOnlyForDeploymentPostprocessing = 0;
		};
/* End PBXResourcesBuildPhase section */

/* Begin PBXShellScriptBuildPhase section */
		6501A4ABC391604E7D91DB56 /* [CP] Check Pods Manifest.lock */ = {
			isa = PBXShellScriptBuildPhase;
			buildActionMask = 2147483647;
			files = (
			);
			inputPaths = (
				"${PODS_PODFILE_DIR_PATH}/Podfile.lock",
				"${PODS_ROOT}/Manifest.lock",
			);
			name = "[CP] Check Pods Manifest.lock";
			outputPaths = (
				"$(DERIVED_FILE_DIR)/Pods-lyricsfecher-checkManifestLockResult.txt",
			);
			runOnlyForDeploymentPostprocessing = 0;
			shellPath = /bin/sh;
			shellScript = "diff \"${PODS_PODFILE_DIR_PATH}/Podfile.lock\" \"${PODS_ROOT}/Manifest.lock\" > /dev/null\nif [ $? != 0 ] ; then\n    # print error to STDERR\n    echo \"error: The sandbox is not in sync with the Podfile.lock. Run 'pod install' or update your CocoaPods installation.\" >&2\n    exit 1\nfi\n# This output is used by Xcode 'outputs' to avoid re-running this script phase.\necho \"SUCCESS\" > \"${SCRIPT_OUTPUT_FILE_0}\"\n";
			showEnvVarsInLog = 0;
		};
		8FF006D80DBF08ECD6821FFD /* [CP] Embed Pods Frameworks */ = {
			isa = PBXShellScriptBuildPhase;
			buildActionMask = 2147483647;
			files = (
			);
			inputPaths = (
				"${SRCROOT}/Pods/Target Support Files/Pods-lyricsfecher/Pods-lyricsfecher-frameworks.sh",
				"${BUILT_PRODUCTS_DIR}/Alamofire/Alamofire.framework",
				"${BUILT_PRODUCTS_DIR}/SwiftyJSON/SwiftyJSON.framework",
				"${BUILT_PRODUCTS_DIR}/TextFieldEffects/TextFieldEffects.framework",
			);
			name = "[CP] Embed Pods Frameworks";
			outputPaths = (
				"${TARGET_BUILD_DIR}/${FRAMEWORKS_FOLDER_PATH}/Alamofire.framework",
				"${TARGET_BUILD_DIR}/${FRAMEWORKS_FOLDER_PATH}/SwiftyJSON.framework",
				"${TARGET_BUILD_DIR}/${FRAMEWORKS_FOLDER_PATH}/TextFieldEffects.framework",
			);
			runOnlyForDeploymentPostprocessing = 0;
			shellPath = /bin/sh;
			shellScript = "\"${SRCROOT}/Pods/Target Support Files/Pods-lyricsfecher/Pods-lyricsfecher-frameworks.sh\"\n";
			showEnvVarsInLog = 0;
		};
/* End PBXShellScriptBuildPhase section */

/* Begin PBXSourcesBuildPhase section */
		7E6E020F2110A8F900277D56 /* Sources */ = {
			isa = PBXSourcesBuildPhase;
			buildActionMask = 2147483647;
			files = (
				7E6E02192110A8F900277D56 /* ViewController.swift in Sources */,
				7E6E02172110A8F900277D56 /* AppDelegate.swift in Sources */,
			);
			runOnlyForDeploymentPostprocessing = 0;
		};
/* End PBXSourcesBuildPhase section */

/* Begin PBXVariantGroup section */
		7E6E021A2110A8F900277D56 /* Main.storyboard */ = {
			isa = PBXVariantGroup;
			children = (
				7E6E021B2110A8F900277D56 /* Base */,
			);
			name = Main.storyboard;
			sourceTree = "<group>";
		};
		7E6E021F2110A8FB00277D56 /* LaunchScreen.storyboard */ = {
			isa = PBXVariantGroup;
			children = (
				7E6E02202110A8FB00277D56 /* Base */,
			);
			name = LaunchScreen.storyboard;
			sourceTree = "<group>";
		};
/* End PBXVariantGroup section */

/* Begin XCBuildConfiguration section */
		7E6E02232110A8FB00277D56 /* Debug */ = {
			isa = XCBuildConfiguration;
			buildSettings = {
				ALWAYS_SEARCH_USER_PATHS = NO;
				CLANG_ANALYZER_NONNULL = YES;
				CLANG_ANALYZER_NUMBER_OBJECT_CONVERSION = YES_AGGRESSIVE;
				CLANG_CXX_LANGUAGE_STANDARD = "gnu++14";
				CLANG_CXX_LIBRARY = "libc++";
				CLANG_ENABLE_MODULES = YES;
				CLANG_ENABLE_OBJC_ARC = YES;
				CLANG_ENABLE_OBJC_WEAK = YES;
				CLANG_WARN_BLOCK_CAPTURE_AUTORELEASING = YES;
				CLANG_WARN_BOOL_CONVERSION = YES;
				CLANG_WARN_COMMA = YES;
				CLANG_WARN_CONSTANT_CONVERSION = YES;
				CLANG_WARN_DEPRECATED_OBJC_IMPLEMENTATIONS = YES;
				CLANG_WARN_DIRECT_OBJC_ISA_USAGE = YES_ERROR;
				CLANG_WARN_DOCUMENTATION_COMMENTS = YES;
				CLANG_WARN_EMPTY_BODY = YES;
				CLANG_WARN_ENUM_CONVERSION = YES;
				CLANG_WARN_INFINITE_RECURSION = YES;
				CLANG_WARN_INT_CONVERSION = YES;
				CLANG_WARN_NON_LITERAL_NULL_CONVERSION = YES;
				CLANG_WARN_OBJC_IMPLICIT_RETAIN_SELF = YES;
				CLANG_WARN_OBJC_LITERAL_CONVERSION = YES;
				CLANG_WARN_OBJC_ROOT_CLASS = YES_ERROR;
				CLANG_WARN_RANGE_LOOP_ANALYSIS = YES;
				CLANG_WARN_STRICT_PROTOTYPES = YES;
				CLANG_WARN_SUSPICIOUS_MOVE = YES;
				CLANG_WARN_UNGUARDED_AVAILABILITY = YES_AGGRESSIVE;
				CLANG_WARN_UNREACHABLE_CODE = YES;
				CLANG_WARN__DUPLICATE_METHOD_MATCH = YES;
				CODE_SIGN_IDENTITY = "iPhone Developer";
				COPY_PHASE_STRIP = NO;
				DEBUG_INFORMATION_FORMAT = dwarf;
				ENABLE_STRICT_OBJC_MSGSEND = YES;
				ENABLE_TESTABILITY = YES;
				GCC_C_LANGUAGE_STANDARD = gnu11;
				GCC_DYNAMIC_NO_PIC = NO;
				GCC_NO_COMMON_BLOCKS = YES;
				GCC_OPTIMIZATION_LEVEL = 0;
				GCC_PREPROCESSOR_DEFINITIONS = (
					"DEBUG=1",
					"$(inherited)",
				);
				GCC_WARN_64_TO_32_BIT_CONVERSION = YES;
				GCC_WARN_ABOUT_RETURN_TYPE = YES_ERROR;
				GCC_WARN_UNDECLARED_SELECTOR = YES;
				GCC_WARN_UNINITIALIZED_AUTOS = YES_AGGRESSIVE;
				GCC_WARN_UNUSED_FUNCTION = YES;
				GCC_WARN_UNUSED_VARIABLE = YES;
				IPHONEOS_DEPLOYMENT_TARGET = 11.4;
				MTL_ENABLE_DEBUG_INFO = YES;
				ONLY_ACTIVE_ARCH = YES;
				SDKROOT = iphoneos;
				SWIFT_ACTIVE_COMPILATION_CONDITIONS = DEBUG;
				SWIFT_OPTIMIZATION_LEVEL = "-Onone";
			};
			name = Debug;
		};
		7E6E02242110A8FB00277D56 /* Release */ = {
			isa = XCBuildConfiguration;
			buildSettings = {
				ALWAYS_SEARCH_USER_PATHS = NO;
				CLANG_ANALYZER_NONNULL = YES;
				CLANG_ANALYZER_NUMBER_OBJECT_CONVERSION = YES_AGGRESSIVE;
				CLANG_CXX_LANGUAGE_STANDARD = "gnu++14";
				CLANG_CXX_LIBRARY = "libc++";
				CLANG_ENABLE_MODULES = YES;
				CLANG_ENABLE_OBJC_ARC = YES;
				CLANG_ENABLE_OBJC_WEAK = YES;
				CLANG_WARN_BLOCK_CAPTURE_AUTORELEASING = YES;
				CLANG_WARN_BOOL_CONVERSION = YES;
				CLANG_WARN_COMMA = YES;
				CLANG_WARN_CONSTANT_CONVERSION = YES;
				CLANG_WARN_DEPRECATED_OBJC_IMPLEMENTATIONS = YES;
				CLANG_WARN_DIRECT_OBJC_ISA_USAGE = YES_ERROR;
				CLANG_WARN_DOCUMENTATION_COMMENTS = YES;
				CLANG_WARN_EMPTY_BODY = YES;
				CLANG_WARN_ENUM_CONVERSION = YES;
				CLANG_WARN_INFINITE_RECURSION = YES;
				CLANG_WARN_INT_CONVERSION = YES;
				CLANG_WARN_NON_LITERAL_NULL_CONVERSION = YES;
				CLANG_WARN_OBJC_IMPLICIT_RETAIN_SELF = YES;
				CLANG_WARN_OBJC_LITERAL_CONVERSION = YES;
				CLANG_WARN_OBJC_ROOT_CLASS = YES_ERROR;
				CLANG_WARN_RANGE_LOOP_ANALYSIS = YES;
				CLANG_WARN_STRICT_PROTOTYPES = YES;
				CLANG_WARN_SUSPICIOUS_MOVE = YES;
				CLANG_WARN_UNGUARDED_AVAILABILITY = YES_AGGRESSIVE;
				CLANG_WARN_UNREACHABLE_CODE = YES;
				CLANG_WARN__DUPLICATE_METHOD_MATCH = YES;
				CODE_SIGN_IDENTITY = "iPhone Developer";
				COPY_PHASE_STRIP = NO;
				DEBUG_INFORMATION_FORMAT = "dwarf-with-dsym";
				ENABLE_NS_ASSERTIONS = NO;
				ENABLE_STRICT_OBJC_MSGSEND = YES;
				GCC_C_LANGUAGE_STANDARD = gnu11;
				GCC_NO_COMMON_BLOCKS = YES;
				GCC_WARN_64_TO_32_BIT_CONVERSION = YES;
				GCC_WARN_ABOUT_RETURN_TYPE = YES_ERROR;
				GCC_WARN_UNDECLARED_SELECTOR = YES;
				GCC_WARN_UNINITIALIZED_AUTOS = YES_AGGRESSIVE;
				GCC_WARN_UNUSED_FUNCTION = YES;
				GCC_WARN_UNUSED_VARIABLE = YES;
				IPHONEOS_DEPLOYMENT_TARGET = 11.4;
				MTL_ENABLE_DEBUG_INFO = NO;
				SDKROOT = iphoneos;
				SWIFT_COMPILATION_MODE = wholemodule;
				SWIFT_OPTIMIZATION_LEVEL = "-O";
				VALIDATE_PRODUCT = YES;
			};
			name = Release;
		};
		7E6E02262110A8FB00277D56 /* Debug */ = {
			isa = XCBuildConfiguration;
			baseConfigurationReference = 7818AF31B4DAE36E62F26192 /* Pods-lyricsfecher.debug.xcconfig */;
			buildSettings = {
				ASSETCATALOG_COMPILER_APPICON_NAME = AppIcon;
				CODE_SIGN_STYLE = Automatic;
				INFOPLIST_FILE = lyricsfecher/Info.plist;
				LD_RUNPATH_SEARCH_PATHS = (
					"$(inherited)",
					"@executable_path/Frameworks",
				);
				PRODUCT_BUNDLE_IDENTIFIER = com.DR3AM.lyricsfecher;
				PRODUCT_NAME = "$(TARGET_NAME)";
				SWIFT_VERSION = 4.0;
				TARGETED_DEVICE_FAMILY = "1,2";
			};
			name = Debug;
		};
		7E6E02272110A8FB00277D56 /* Release */ = {
			isa = XCBuildConfiguration;
			baseConfigurationReference = 96DC90A148F3D422A9049BEB /* Pods-lyricsfecher.release.xcconfig */;
			buildSettings = {
				ASSETCATALOG_COMPILER_APPICON_NAME = AppIcon;
				CODE_SIGN_STYLE = Automatic;
				INFOPLIST_FILE = lyricsfecher/Info.plist;
				LD_RUNPATH_SEARCH_PATHS = (
					"$(inherited)",
					"@executable_path/Frameworks",
				);
				PRODUCT_BUNDLE_IDENTIFIER = com.DR3AM.lyricsfecher;
				PRODUCT_NAME = "$(TARGET_NAME)";
				SWIFT_VERSION = 4.0;
				TARGETED_DEVICE_FAMILY = "1,2";
			};
			name = Release;
		};
/* End XCBuildConfiguration section */

/* Begin XCConfigurationList section */
		7E6E020E2110A8F900277D56 /* Build configuration list for PBXProject "lyricsfecher" */ = {
			isa = XCConfigurationList;
			buildConfigurations = (
				7E6E02232110A8FB00277D56 /* Debug */,
				7E6E02242110A8FB00277D56 /* Release */,
			);
			defaultConfigurationIsVisible = 0;
			defaultConfigurationName = Release;
		};
		7E6E02252110A8FB00277D56 /* Build configuration list for PBXNativeTarget "lyricsfecher" */ = {
			isa = XCConfigurationList;
			buildConfigurations = (
				7E6E02262110A8FB00277D56 /* Debug */,
				7E6E02272110A8FB00277D56 /* Release */,
			);
			defaultConfigurationIsVisible = 0;
			defaultConfigurationName = Release;
		};
/* End XCConfigurationList section */
	};
	rootObject = 7E6E020B2110A8F900277D56 /* Project object */;
}
